dependencies:
- name: vss-rtvi-cv
  repository: file://./charts/rtvi-cv
  version: 3.2.0
- name: vss-rtvi-vlm
  repository: file://./charts/rtvi-vlm
  version: 3.2.0
- name: vss-rtvi-embed
  repository: file://./charts/rtvi-embed
  version: 3.2.1
digest: sha256:37bddfb21dfa7cd5ba2a3b8e1d5bf0c076a5259058ce7d332933d0485d129aa1
generated: "2026-07-13T21:39:34.223822+05:30"
