dependencies:
- name: infra
  repository: file://../../services/infra
  version: 3.2.0
- name: vios
  repository: file://../../services/vios
  version: 3.2.0
- name: agent
  repository: file://../../services/agent
  version: 3.2.0
- name: vss-agent-ui
  repository: file://../../services/ui
  version: 3.2.0
- name: vss-alert-bridge
  repository: file://../../services/alert
  version: 3.2.0
- name: analytics
  repository: file://../../services/analytics
  version: 3.2.0
- name: rtvi
  repository: file://../../services/rtvi
  version: 3.2.1
- name: nims
  repository: file://../../services/nims
  version: 3.2.0
digest: sha256:379dd6494c088221c73e93611c730c71e0fc4e542fe55817d1521af4beba1070
generated: "2026-07-13T21:39:36.317977+05:30"
