dependencies:
- name: phoenix
  repository: file://./charts/phoenix
  version: 3.2.0
- name: redis
  repository: file://./charts/redis
  version: 3.2.0
- name: mosquitto
  repository: file://./charts/mosquitto
  version: 26.04.2
- name: sdrc
  repository: file://./charts/sdrc
  version: 3.2.0
- name: elasticsearch
  repository: file://./charts/elasticsearch
  version: 3.2.0
- name: kibana
  repository: file://./charts/kibana
  version: 3.2.0
- name: kafka
  repository: file://./charts/kafka
  version: 3.2.0
- name: logstash
  repository: file://./charts/logstash
  version: 3.2.0
- name: vss-broker-health-check
  repository: file://./charts/broker-health-check
  version: 3.2.0
digest: sha256:10d81cbc674158aa8cb18098c0f623759949ccca21d9e6f79cd3acabfe00df21
generated: "2026-06-22T13:08:31.484969279-07:00"
