dependencies:
- name: vios
  repository: file://../../services/vios
  version: 3.2.0
- name: infra
  repository: file://../../services/infra
  version: 3.2.0
- name: rtvi
  repository: file://../../services/rtvi
  version: 3.2.1
- name: analytics
  repository: file://../../services/analytics
  version: 3.2.0
- name: agent
  repository: file://../../services/agent
  version: 3.2.0
- name: vss-agent-ui
  repository: file://../../services/ui
  version: 3.2.0
- name: nims
  repository: file://../../services/nims
  version: 3.2.0
digest: sha256:dbb2a4a8a7b2cfc85c62fde484dc532bdc563091d1fbbf868b16324ebccdfe5c
generated: "2026-07-13T21:39:37.291943+05:30"
