dependencies:
- name: vios
  repository: file://../../../services/vios
  version: 26.04.2
- name: infra
  repository: file://../../../services/infra
  version: 26.04.2
- name: rtvi
  repository: file://../../../services/rtvi
  version: 26.04.2
- name: analytics
  repository: file://../../../services/analytics
  version: 26.04.2
digest: sha256:48fa8ee689d5d787ce57777fe195257c903e8b6b8a17beeabed359e1b59d90f3
generated: "2026-05-26T12:49:53.344127685-07:00"
