dependencies:
- name: vios
  repository: file://../../../services/vios
  version: 3.2.0
- name: infra
  repository: file://../../../services/infra
  version: 3.2.0
- name: bp-configurator
  repository: file://../../../services/bp-configurator
  version: 3.2.0
- name: calibration-import
  repository: file://../../../services/calibration-import
  version: 3.2.0
- name: rtvi
  repository: file://../../../services/rtvi
  version: 3.2.1
- name: analytics
  repository: file://../../../services/analytics
  version: 3.2.0
digest: sha256:6d75a378067e89eba14805e698f9b63e4e89590e6f083d68c8888e3e89146677
generated: "2026-06-22T13:11:17.898554926-07:00"
