dependencies:
- name: infra
  repository: file://../../services/infra
  version: 3.2.0
- name: vios
  repository: file://../../services/vios
  version: 3.2.0
- name: agent
  repository: file://../../services/agent
  version: 3.2.0
- name: vss-agent-ui
  repository: file://../../services/ui
  version: 3.2.0
- name: nims
  repository: file://../../services/nims
  version: 3.2.0
- name: vss-summarization
  repository: file://../../services/video-summarization
  version: 3.2.1
- name: rtvi
  repository: file://../../services/rtvi
  version: 3.2.1
digest: sha256:6e9f3505990f678acc88a46049c5beebf39faaa50311fb3e45aa7d0a44b9eebe
generated: "2026-07-13T20:09:17.924858116+00:00"
